// !$*UTF8*$!
{
	archiveVersion = 1;
	classes = {
	};
	objectVersion = 56;
	objects = {

/* Begin PBXBuildFile section */
		961BE2832B69FFF500921BE8 /* MoonShotApp.swift in Sources */ = {isa = PBXBuildFile; fileRef = 961BE2822B69FFF500921BE8 /* MoonShotApp.swift */; };
		961BE2852B69FFF500921BE8 /* ContentView.swift in Sources */ = {isa = PBXBuildFile; fileRef = 961BE2842B69FFF500921BE8 /* ContentView.swift */; };
		961BE2872B69FFF600921BE8 /* Assets.xcassets in Resources */ = {isa = PBXBuildFile; fileRef = 961BE2862B69FFF600921BE8 /* Assets.xcassets */; };
		961BE28A2B69FFF600921BE8 /* Preview Assets.xcassets in Resources */ = {isa = PBXBuildFile; fileRef = 961BE2892B69FFF600921BE8 /* Preview Assets.xcassets */; };
		961BE2912B6A0C4F00921BE8 /* astronauts.json in Resources */ = {isa = PBXBuildFile; fileRef = 961BE2902B6A0C4F00921BE8 /* astronauts.json */; };
		961BE2932B6A0C5400921BE8 /* missions.json in Resources */ = {isa = PBXBuildFile; fileRef = 961BE2922B6A0C5400921BE8 /* missions.json */; };
		961BE2952B6A0C8900921BE8 /* Astronaut.swift in Sources */ = {isa = PBXBuildFile; fileRef = 961BE2942B6A0C8900921BE8 /* Astronaut.swift */; };
		961BE2972B6A0CAF00921BE8 /* Bundle-Decodable.swift in Sources */ = {isa = PBXBuildFile; fileRef = 961BE2962B6A0CAF00921BE8 /* Bundle-Decodable.swift */; };
		961BE2992B6A0D1F00921BE8 /* Mission.swift in Sources */ = {isa = PBXBuildFile; fileRef = 961BE2982B6A0D1F00921BE8 /* Mission.swift */; };
		961BE29B2B6A0F6600921BE8 /* Color-Theme.swift in Sources */ = {isa = PBXBuildFile; fileRef = 961BE29A2B6A0F6600921BE8 /* Color-Theme.swift */; };
		961BE29D2B6A106D00921BE8 /* MissionView.swift in Sources */ = {isa = PBXBuildFile; fileRef = 961BE29C2B6A106D00921BE8 /* MissionView.swift */; };
		961BE29F2B6A123400921BE8 /* AstronautView.swift in Sources */ = {isa = PBXBuildFile; fileRef = 961BE29E2B6A123400921BE8 /* AstronautView.swift */; };
		961BE2A12B6A13BD00921BE8 /* CustomDivider.swift in Sources */ = {isa = PBXBuildFile; fileRef = 961BE2A02B6A13BD00921BE8 /* CustomDivider.swift */; };
		961BE2A32B6A141B00921BE8 /* AstronautsView.swift in Sources */ = {isa = PBXBuildFile; fileRef = 961BE2A22B6A141B00921BE8 /* AstronautsView.swift */; };
		961BE2A52B6A17BE00921BE8 /* GridLayout.swift in Sources */ = {isa = PBXBuildFile; fileRef = 961BE2A42B6A17BE00921BE8 /* GridLayout.swift */; };
		961BE2A72B6A187800921BE8 /* ListLayout.swift in Sources */ = {isa = PBXBuildFile; fileRef = 961BE2A62B6A187800921BE8 /* ListLayout.swift */; };
		9625AA382B6CD1FD00D5117A /* MissionDisplayView.swift in Sources */ = {isa = PBXBuildFile; fileRef = 9625AA372B6CD1FD00D5117A /* MissionDisplayView.swift */; };
/* End PBXBuildFile section */

/* Begin PBXFileReference section */
		961BE27F2B69FFF500921BE8 /* MoonShot.app */ = {isa = PBXFileReference; explicitFileType = wrapper.application; includeInIndex = 0; path = MoonShot.app; sourceTree = BUILT_PRODUCTS_DIR; };
		961BE2822B69FFF500921BE8 /* MoonShotApp.swift */ = {isa = PBXFileReference; lastKnownFileType = sourcecode.swift; path = MoonShotApp.swift; sourceTree = "<group>"; };
		961BE2842B69FFF500921BE8 /* ContentView.swift */ = {isa = PBXFileReference; lastKnownFileType = sourcecode.swift; path = ContentView.swift; sourceTree = "<group>"; };
		961BE2862B69FFF600921BE8 /* Assets.xcassets */ = {isa = PBXFileReference; lastKnownFileType = folder.assetcatalog; path = Assets.xcassets; sourceTree = "<group>"; };
		961BE2892B69FFF600921BE8 /* Preview Assets.xcassets */ = {isa = PBXFileReference; lastKnownFileType = folder.assetcatalog; path = "Preview Assets.xcassets"; sourceTree = "<group>"; };
		961BE2902B6A0C4F00921BE8 /* astronauts.json */ = {isa = PBXFileReference; fileEncoding = 4; lastKnownFileType = text.json; path = astronauts.json; sourceTree = "<group>"; };
		961BE2922B6A0C5400921BE8 /* missions.json */ = {isa = PBXFileReference; fileEncoding = 4; lastKnownFileType = text.json; path = missions.json; sourceTree = "<group>"; };
		961BE2942B6A0C8900921BE8 /* Astronaut.swift */ = {isa = PBXFileReference; lastKnownFileType = sourcecode.swift; path = Astronaut.swift; sourceTree = "<group>"; };
		961BE2962B6A0CAF00921BE8 /* Bundle-Decodable.swift */ = {isa = PBXFileReference; lastKnownFileType = sourcecode.swift; path = "Bundle-Decodable.swift"; sourceTree = "<group>"; };
		961BE2982B6A0D1F00921BE8 /* Mission.swift */ = {isa = PBXFileReference; lastKnownFileType = sourcecode.swift; path = Mission.swift; sourceTree = "<group>"; };
		961BE29A2B6A0F6600921BE8 /* Color-Theme.swift */ = {isa = PBXFileReference; lastKnownFileType = sourcecode.swift; path = "Color-Theme.swift"; sourceTree = "<group>"; };
		961BE29C2B6A106D00921BE8 /* MissionView.swift */ = {isa = PBXFileReference; lastKnownFileType = sourcecode.swift; path = MissionView.swift; sourceTree = "<group>"; };
		961BE29E2B6A123400921BE8 /* AstronautView.swift */ = {isa = PBXFileReference; lastKnownFileType = sourcecode.swift; path = AstronautView.swift; sourceTree = "<group>"; };
		961BE2A02B6A13BD00921BE8 /* CustomDivider.swift */ = {isa = PBXFileReference; lastKnownFileType = sourcecode.swift; path = CustomDivider.swift; sourceTree = "<group>"; };
		961BE2A22B6A141B00921BE8 /* AstronautsView.swift */ = {isa = PBXFileReference; lastKnownFileType = sourcecode.swift; path = AstronautsView.swift; sourceTree = "<group>"; };
		961BE2A42B6A17BE00921BE8 /* GridLayout.swift */ = {isa = PBXFileReference; lastKnownFileType = sourcecode.swift; path = GridLayout.swift; sourceTree = "<group>"; };
		961BE2A62B6A187800921BE8 /* ListLayout.swift */ = {isa = PBXFileReference; lastKnownFileType = sourcecode.swift; path = ListLayout.swift; sourceTree = "<group>"; };
		9625AA372B6CD1FD00D5117A /* MissionDisplayView.swift */ = {isa = PBXFileReference; lastKnownFileType = sourcecode.swift; path = MissionDisplayView.swift; sourceTree = "<group>"; };
/* End PBXFileReference section */

/* Begin PBXFrameworksBuildPhase section */
		961BE27C2B69FFF500921BE8 /* Frameworks */ = {
			isa = PBXFrameworksBuildPhase;
			buildActionMask = 2147483647;
			files = (
			);
			runOnlyForDeploymentPostprocessing = 0;
		};
/* End PBXFrameworksBuildPhase section */

/* Begin PBXGroup section */
		961BE2762B69FFF500921BE8 = {
			isa = PBXGroup;
			children = (
				961BE2812B69FFF500921BE8 /* MoonShot */,
				961BE2802B69FFF500921BE8 /* Products */,
			);
			sourceTree = "<group>";
		};
		961BE2802B69FFF500921BE8 /* Products */ = {
			isa = PBXGroup;
			children = (
				961BE27F2B69FFF500921BE8 /* MoonShot.app */,
			);
			name = Products;
			sourceTree = "<group>";
		};
		961BE2812B69FFF500921BE8 /* MoonShot */ = {
			isa = PBXGroup;
			children = (
				961BE2A62B6A187800921BE8 /* ListLayout.swift */,
				961BE2A42B6A17BE00921BE8 /* GridLayout.swift */,
				9625AA372B6CD1FD00D5117A /* MissionDisplayView.swift */,
				961BE2A02B6A13BD00921BE8 /* CustomDivider.swift */,
				961BE2A22B6A141B00921BE8 /* AstronautsView.swift */,
				961BE2902B6A0C4F00921BE8 /* astronauts.json */,
				961BE2822B69FFF500921BE8 /* MoonShotApp.swift */,
				961BE2842B69FFF500921BE8 /* ContentView.swift */,
				961BE29C2B6A106D00921BE8 /* MissionView.swift */,
				961BE29E2B6A123400921BE8 /* AstronautView.swift */,
				961BE29A2B6A0F6600921BE8 /* Color-Theme.swift */,
				961BE2982B6A0D1F00921BE8 /* Mission.swift */,
				961BE2942B6A0C8900921BE8 /* Astronaut.swift */,
				961BE2962B6A0CAF00921BE8 /* Bundle-Decodable.swift */,
				961BE2862B69FFF600921BE8 /* Assets.xcassets */,
				961BE2922B6A0C5400921BE8 /* missions.json */,
				961BE2882B69FFF600921BE8 /* Preview Content */,
			);
			path = MoonShot;
			sourceTree = "<group>";
		};
		961BE2882B69FFF600921BE8 /* Preview Content */ = {
			isa = PBXGroup;
			children = (
				961BE2892B69FFF600921BE8 /* Preview Assets.xcassets */,
			);
			path = "Preview Content";
			sourceTree = "<group>";
		};
/* End PBXGroup section */

/* Begin PBXNativeTarget section */
		961BE27E2B69FFF500921BE8 /* MoonShot */ = {
			isa = PBXNativeTarget;
			buildConfigurationList = 961BE28D2B69FFF600921BE8 /* Build configuration list for PBXNativeTarget "MoonShot" */;
			buildPhases = (
				961BE27B2B69FFF500921BE8 /* Sources */,
				961BE27C2B69FFF500921BE8 /* Frameworks */,
				961BE27D2B69FFF500921BE8 /* Resources */,
			);
			buildRules = (
			);
			dependencies = (
			);
			name = MoonShot;
			productName = MoonShot;
			productReference = 961BE27F2B69FFF500921BE8 /* MoonShot.app */;
			productType = "com.apple.product-type.application";
		};
/* End PBXNativeTarget section */

/* Begin PBXProject section */
		961BE2772B69FFF500921BE8 /* Project object */ = {
			isa = PBXProject;
			attributes = {
				BuildIndependentTargetsInParallel = 1;
				LastSwiftUpdateCheck = 1520;
				LastUpgradeCheck = 1520;
				TargetAttributes = {
					961BE27E2B69FFF500921BE8 = {
						CreatedOnToolsVersion = 15.2;
					};
				};
			};
			buildConfigurationList = 961BE27A2B69FFF500921BE8 /* Build configuration list for PBXProject "MoonShot" */;
			compatibilityVersion = "Xcode 14.0";
			developmentRegion = en;
			hasScannedForEncodings = 0;
			knownRegions = (
				en,
				Base,
			);
			mainGroup = 961BE2762B69FFF500921BE8;
			productRefGroup = 961BE2802B69FFF500921BE8 /* Products */;
			projectDirPath = "";
			projectRoot = "";
			targets = (
				961BE27E2B69FFF500921BE8 /* MoonShot */,
			);
		};
/* End PBXProject section */

/* Begin PBXResourcesBuildPhase section */
		961BE27D2B69FFF500921BE8 /* Resources */ = {
			isa = PBXResourcesBuildPhase;
			buildActionMask = 2147483647;
			files = (
				961BE2912B6A0C4F00921BE8 /* astronauts.json in Resources */,
				961BE28A2B69FFF600921BE8 /* Preview Assets.xcassets in Resources */,
				961BE2932B6A0C5400921BE8 /* missions.json in Resources */,
				961BE2872B69FFF600921BE8 /* Assets.xcassets in Resources */,
			);
			runOnlyForDeploymentPostprocessing = 0;
		};
/* End PBXResourcesBuildPhase section */

/* Begin PBXSourcesBuildPhase section */
		961BE27B2B69FFF500921BE8 /* Sources */ = {
			isa = PBXSourcesBuildPhase;
			buildActionMask = 2147483647;
			files = (
				961BE29D2B6A106D00921BE8 /* MissionView.swift in Sources */,
				961BE2952B6A0C8900921BE8 /* Astronaut.swift in Sources */,
				961BE29F2B6A123400921BE8 /* AstronautView.swift in Sources */,
				961BE29B2B6A0F6600921BE8 /* Color-Theme.swift in Sources */,
				9625AA382B6CD1FD00D5117A /* MissionDisplayView.swift in Sources */,
				961BE2852B69FFF500921BE8 /* ContentView.swift in Sources */,
				961BE2832B69FFF500921BE8 /* MoonShotApp.swift in Sources */,
				961BE2992B6A0D1F00921BE8 /* Mission.swift in Sources */,
				961BE2972B6A0CAF00921BE8 /* Bundle-Decodable.swift in Sources */,
				961BE2A32B6A141B00921BE8 /* AstronautsView.swift in Sources */,
				961BE2A72B6A187800921BE8 /* ListLayout.swift in Sources */,
				961BE2A12B6A13BD00921BE8 /* CustomDivider.swift in Sources */,
				961BE2A52B6A17BE00921BE8 /* GridLayout.swift in Sources */,
			);
			runOnlyForDeploymentPostprocessing = 0;
		};
/* End PBXSourcesBuildPhase section */

/* Begin XCBuildConfiguration section */
		961BE28B2B69FFF600921BE8 /* Debug */ = {
			isa = XCBuildConfiguration;
			buildSettings = {
				ALWAYS_SEARCH_USER_PATHS = NO;
				ASSETCATALOG_COMPILER_GENERATE_SWIFT_ASSET_SYMBOL_EXTENSIONS = YES;
				CLANG_ANALYZER_NONNULL = YES;
				CLANG_ANALYZER_NUMBER_OBJECT_CONVERSION = YES_AGGRESSIVE;
				CLANG_CXX_LANGUAGE_STANDARD = "gnu++20";
				CLANG_ENABLE_MODULES = YES;
				CLANG_ENABLE_OBJC_ARC = YES;
				CLANG_ENABLE_OBJC_WEAK = YES;
				CLANG_WARN_BLOCK_CAPTURE_AUTORELEASING = YES;
				CLANG_WARN_BOOL_CONVERSION = YES;
				CLANG_WARN_COMMA = YES;
				CLANG_WARN_CONSTANT_CONVERSION = YES;
				CLANG_WARN_DEPRECATED_OBJC_IMPLEMENTATIONS = YES;
				CLANG_WARN_DIRECT_OBJC_ISA_USAGE = YES_ERROR;
				CLANG_WARN_DOCUMENTATION_COMMENTS = YES;
				CLANG_WARN_EMPTY_BODY = YES;
				CLANG_WARN_ENUM_CONVERSION = YES;
				CLANG_WARN_INFINITE_RECURSION = YES;
				CLANG_WARN_INT_CONVERSION = YES;
				CLANG_WARN_NON_LITERAL_NULL_CONVERSION = YES;
				CLANG_WARN_OBJC_IMPLICIT_RETAIN_SELF = YES;
				CLANG_WARN_OBJC_LITERAL_CONVERSION = YES;
				CLANG_WARN_OBJC_ROOT_CLASS = YES_ERROR;
				CLANG_WARN_QUOTED_INCLUDE_IN_FRAMEWORK_HEADER = YES;
				CLANG_WARN_RANGE_LOOP_ANALYSIS = YES;
				CLANG_WARN_STRICT_PROTOTYPES = YES;
				CLANG_WARN_SUSPICIOUS_MOVE = YES;
				CLANG_WARN_UNGUARDED_AVAILABILITY = YES_AGGRESSIVE;
				CLANG_WARN_UNREACHABLE_CODE = YES;
				CLANG_WARN__DUPLICATE_METHOD_MATCH = YES;
				COPY_PHASE_STRIP = NO;
				DEBUG_INFORMATION_FORMAT = dwarf;
				ENABLE_STRICT_OBJC_MSGSEND = YES;
				ENABLE_TESTABILITY = YES;
				ENABLE_USER_SCRIPT_SANDBOXING = YES;
				GCC_C_LANGUAGE_STANDARD = gnu17;
				GCC_DYNAMIC_NO_PIC = NO;
				GCC_NO_COMMON_BLOCKS = YES;
				GCC_OPTIMIZATION_LEVEL = 0;
				GCC_PREPROCESSOR_DEFINITIONS = (
					"DEBUG=1",
					"$(inherited)",
				);
				GCC_WARN_64_TO_32_BIT_CONVERSION = YES;
				GCC_WARN_ABOUT_RETURN_TYPE = YES_ERROR;
				GCC_WARN_UNDECLARED_SELECTOR = YES;
				GCC_WARN_UNINITIALIZED_AUTOS = YES_AGGRESSIVE;
				GCC_WARN_UNUSED_FUNCTION = YES;
				GCC_WARN_UNUSED_VARIABLE = YES;
				IPHONEOS_DEPLOYMENT_TARGET = 17.2;
				LOCALIZATION_PREFERS_STRING_CATALOGS = YES;
				MTL_ENABLE_DEBUG_INFO = INCLUDE_SOURCE;
				MTL_FAST_MATH = YES;
				ONLY_ACTIVE_ARCH = YES;
				SDKROOT = iphoneos;
				SWIFT_ACTIVE_COMPILATION_CONDITIONS = "DEBUG $(inherited)";
				SWIFT_OPTIMIZATION_LEVEL = "-Onone";
			};
			name = Debug;
		};
		961BE28C2B69FFF600921BE8 /* Release */ = {
			isa = XCBuildConfiguration;
			buildSettings = {
				ALWAYS_SEARCH_USER_PATHS = NO;
				ASSETCATALOG_COMPILER_GENERATE_SWIFT_ASSET_SYMBOL_EXTENSIONS = YES;
				CLANG_ANALYZER_NONNULL = YES;
				CLANG_ANALYZER_NUMBER_OBJECT_CONVERSION = YES_AGGRESSIVE;
				CLANG_CXX_LANGUAGE_STANDARD = "gnu++20";
				CLANG_ENABLE_MODULES = YES;
				CLANG_ENABLE_OBJC_ARC = YES;
				CLANG_ENABLE_OBJC_WEAK = YES;
				CLANG_WARN_BLOCK_CAPTURE_AUTORELEASING = YES;
				CLANG_WARN_BOOL_CONVERSION = YES;
				CLANG_WARN_COMMA = YES;
				CLANG_WARN_CONSTANT_CONVERSION = YES;
				CLANG_WARN_DEPRECATED_OBJC_IMPLEMENTATIONS = YES;
				CLANG_WARN_DIRECT_OBJC_ISA_USAGE = YES_ERROR;
				CLANG_WARN_DOCUMENTATION_COMMENTS = YES;
				CLANG_WARN_EMPTY_BODY = YES;
				CLANG_WARN_ENUM_CONVERSION = YES;
				CLANG_WARN_INFINITE_RECURSION = YES;
				CLANG_WARN_INT_CONVERSION = YES;
				CLANG_WARN_NON_LITERAL_NULL_CONVERSION = YES;
				CLANG_WARN_OBJC_IMPLICIT_RETAIN_SELF = YES;
				CLANG_WARN_OBJC_LITERAL_CONVERSION = YES;
				CLANG_WARN_OBJC_ROOT_CLASS = YES_ERROR;
				CLANG_WARN_QUOTED_INCLUDE_IN_FRAMEWORK_HEADER = YES;
				CLANG_WARN_RANGE_LOOP_ANALYSIS = YES;
				CLANG_WARN_STRICT_PROTOTYPES = YES;
				CLANG_WARN_SUSPICIOUS_MOVE = YES;
				CLANG_WARN_UNGUARDED_AVAILABILITY = YES_AGGRESSIVE;
				CLANG_WARN_UNREACHABLE_CODE = YES;
				CLANG_WARN__DUPLICATE_METHOD_MATCH = YES;
				COPY_PHASE_STRIP = NO;
				DEBUG_INFORMATION_FORMAT = "dwarf-with-dsym";
				ENABLE_NS_ASSERTIONS = NO;
				ENABLE_STRICT_OBJC_MSGSEND = YES;
				ENABLE_USER_SCRIPT_SANDBOXING = YES;
				GCC_C_LANGUAGE_STANDARD = gnu17;
				GCC_NO_COMMON_BLOCKS = YES;
				GCC_WARN_64_TO_32_BIT_CONVERSION = YES;
				GCC_WARN_ABOUT_RETURN_TYPE = YES_ERROR;
				GCC_WARN_UNDECLARED_SELECTOR = YES;
				GCC_WARN_UNINITIALIZED_AUTOS = YES_AGGRESSIVE;
				GCC_WARN_UNUSED_FUNCTION = YES;
				GCC_WARN_UNUSED_VARIABLE = YES;
				IPHONEOS_DEPLOYMENT_TARGET = 17.2;
				LOCALIZATION_PREFERS_STRING_CATALOGS = YES;
				MTL_ENABLE_DEBUG_INFO = NO;
				MTL_FAST_MATH = YES;
				SDKROOT = iphoneos;
				SWIFT_COMPILATION_MODE = wholemodule;
				VALIDATE_PRODUCT = YES;
			};
			name = Release;
		};
		961BE28E2B69FFF600921BE8 /* Debug */ = {
			isa = XCBuildConfiguration;
			buildSettings = {
				ASSETCATALOG_COMPILER_APPICON_NAME = AppIcon;
				ASSETCATALOG_COMPILER_GLOBAL_ACCENT_COLOR_NAME = AccentColor;
				CODE_SIGN_STYLE = Automatic;
				CURRENT_PROJECT_VERSION = 1;
				DEVELOPMENT_ASSET_PATHS = "\"MoonShot/Preview Content\"";
				ENABLE_PREVIEWS = YES;
				GENERATE_INFOPLIST_FILE = YES;
				INFOPLIST_KEY_UIApplicationSceneManifest_Generation = YES;
				INFOPLIST_KEY_UIApplicationSupportsIndirectInputEvents = YES;
				INFOPLIST_KEY_UILaunchScreen_Generation = YES;
				INFOPLIST_KEY_UISupportedInterfaceOrientations_iPad = "UIInterfaceOrientationPortrait UIInterfaceOrientationPortraitUpsideDown UIInterfaceOrientationLandscapeLeft UIInterfaceOrientationLandscapeRight";
				INFOPLIST_KEY_UISupportedInterfaceOrientations_iPhone = "UIInterfaceOrientationPortrait UIInterfaceOrientationLandscapeLeft UIInterfaceOrientationLandscapeRight";
				LD_RUNPATH_SEARCH_PATHS = (
					"$(inherited)",
					"@executable_path/Frameworks",
				);
				MARKETING_VERSION = 1.0;
				PRODUCT_BUNDLE_IDENTIFIER = com.AnhIsAwesome.MoonShot;
				PRODUCT_NAME = "$(TARGET_NAME)";
				SWIFT_EMIT_LOC_STRINGS = YES;
				SWIFT_VERSION = 5.0;
				TARGETED_DEVICE_FAMILY = "1,2";
			};
			name = Debug;
		};
		961BE28F2B69FFF600921BE8 /* Release */ = {
			isa = XCBuildConfiguration;
			buildSettings = {
				ASSETCATALOG_COMPILER_APPICON_NAME = AppIcon;
				ASSETCATALOG_COMPILER_GLOBAL_ACCENT_COLOR_NAME = AccentColor;
				CODE_SIGN_STYLE = Automatic;
				CURRENT_PROJECT_VERSION = 1;
				DEVELOPMENT_ASSET_PATHS = "\"MoonShot/Preview Content\"";
				ENABLE_PREVIEWS = YES;
				GENERATE_INFOPLIST_FILE = YES;
				INFOPLIST_KEY_UIApplicationSceneManifest_Generation = YES;
				INFOPLIST_KEY_UIApplicationSupportsIndirectInputEvents = YES;
				INFOPLIST_KEY_UILaunchScreen_Generation = YES;
				INFOPLIST_KEY_UISupportedInterfaceOrientations_iPad = "UIInterfaceOrientationPortrait UIInterfaceOrientationPortraitUpsideDown UIInterfaceOrientationLandscapeLeft UIInterfaceOrientationLandscapeRight";
				INFOPLIST_KEY_UISupportedInterfaceOrientations_iPhone = "UIInterfaceOrientationPortrait UIInterfaceOrientationLandscapeLeft UIInterfaceOrientationLandscapeRight";
				LD_RUNPATH_SEARCH_PATHS = (
					"$(inherited)",
					"@executable_path/Frameworks",
				);
				MARKETING_VERSION = 1.0;
				PRODUCT_BUNDLE_IDENTIFIER = com.AnhIsAwesome.MoonShot;
				PRODUCT_NAME = "$(TARGET_NAME)";
				SWIFT_EMIT_LOC_STRINGS = YES;
				SWIFT_VERSION = 5.0;
				TARGETED_DEVICE_FAMILY = "1,2";
			};
			name = Release;
		};
/* End XCBuildConfiguration section */

/* Begin XCConfigurationList section */
		961BE27A2B69FFF500921BE8 /* Build configuration list for PBXProject "MoonShot" */ = {
			isa = XCConfigurationList;
			buildConfigurations = (
				961BE28B2B69FFF600921BE8 /* Debug */,
				961BE28C2B69FFF600921BE8 /* Release */,
			);
			defaultConfigurationIsVisible = 0;
			defaultConfigurationName = Release;
		};
		961BE28D2B69FFF600921BE8 /* Build configuration list for PBXNativeTarget "MoonShot" */ = {
			isa = XCConfigurationList;
			buildConfigurations = (
				961BE28E2B69FFF600921BE8 /* Debug */,
				961BE28F2B69FFF600921BE8 /* Release */,
			);
			defaultConfigurationIsVisible = 0;
			defaultConfigurationName = Release;
		};
/* End XCConfigurationList section */
	};
	rootObject = 961BE2772B69FFF500921BE8 /* Project object */;
}
